// !$*UTF8*$!
{
	archiveVersion = 1;
	classes = {
	};
	objectVersion = 56;
	objects = {

/* Begin PBXBuildFile section */
		A1000001 /* PianoTilesApp.swift in Sources */ = {isa = PBXBuildFile; fileRef = B1000001 /* PianoTilesApp.swift */; };
		A1000002 /* Constants.swift in Sources */ = {isa = PBXBuildFile; fileRef = B1000002 /* Constants.swift */; };
		A1000003 /* NoteData.swift in Sources */ = {isa = PBXBuildFile; fileRef = B1000003 /* NoteData.swift */; };
		A1000004 /* AudioEngine.swift in Sources */ = {isa = PBXBuildFile; fileRef = B1000004 /* AudioEngine.swift */; };
		A1000005 /* GameState.swift in Sources */ = {isa = PBXBuildFile; fileRef = B1000005 /* GameState.swift */; };
		A1000006 /* TileEngine.swift in Sources */ = {isa = PBXBuildFile; fileRef = B1000006 /* TileEngine.swift */; };
		A1000007 /* GameView.swift in Sources */ = {isa = PBXBuildFile; fileRef = B1000007 /* GameView.swift */; };
		A1000008 /* MenuView.swift in Sources */ = {isa = PBXBuildFile; fileRef = B1000008 /* MenuView.swift */; };
		A1000009 /* TouchOverlay.swift in Sources */ = {isa = PBXBuildFile; fileRef = B1000009 /* TouchOverlay.swift */; };
		A100000A /* MIDIParser.swift in Sources */ = {isa = PBXBuildFile; fileRef = B100000A /* MIDIParser.swift */; };
		A100000B /* SongPickerView.swift in Sources */ = {isa = PBXBuildFile; fileRef = B100000B /* SongPickerView.swift */; };
		A1000012 /* LaneAssigner.swift in Sources */ = {isa = PBXBuildFile; fileRef = B1000012 /* LaneAssigner.swift */; };
		A100000C /* fur-elise.mid in Resources */ = {isa = PBXBuildFile; fileRef = B100000C /* fur-elise.mid */; };
		A100000D /* canon-in-d.mid in Resources */ = {isa = PBXBuildFile; fileRef = B100000D /* canon-in-d.mid */; };
		A100000E /* moonlight-sonata.mid in Resources */ = {isa = PBXBuildFile; fileRef = B100000E /* moonlight-sonata.mid */; };
		A100000F /* alla-turca.mid in Resources */ = {isa = PBXBuildFile; fileRef = B100000F /* alla-turca.mid */; };
		A1000010 /* river-flows-in-you.mid in Resources */ = {isa = PBXBuildFile; fileRef = B1000010 /* river-flows-in-you.mid */; };
		A1000015 /* hedwigs-theme.mid in Resources */ = {isa = PBXBuildFile; fileRef = B1000015 /* hedwigs-theme.mid */; };
		A1000017 /* let-it-be.mid in Resources */ = {isa = PBXBuildFile; fileRef = B1000017 /* let-it-be.mid */; };
		A1000018 /* comptine-dun-autre-ete.mid in Resources */ = {isa = PBXBuildFile; fileRef = B1000018 /* comptine-dun-autre-ete.mid */; };
		A1000019 /* someone-like-you.mid in Resources */ = {isa = PBXBuildFile; fileRef = B1000019 /* someone-like-you.mid */; };
		A100001B /* yesterday.mid in Resources */ = {isa = PBXBuildFile; fileRef = B100001B /* yesterday.mid */; };
		A100001D /* clair-de-lune.mid in Resources */ = {isa = PBXBuildFile; fileRef = B100001D /* clair-de-lune.mid */; };
		A100001E /* liebestraum.mid in Resources */ = {isa = PBXBuildFile; fileRef = B100001E /* liebestraum.mid */; };
		A100001F /* spirited-away.mid in Resources */ = {isa = PBXBuildFile; fileRef = B100001F /* spirited-away.mid */; };
		A1000020 /* gymnopedie-no1.mid in Resources */ = {isa = PBXBuildFile; fileRef = B1000020 /* gymnopedie-no1.mid */; };
		A1000021 /* the-entertainer.mid in Resources */ = {isa = PBXBuildFile; fileRef = B1000021 /* the-entertainer.mid */; };
		A1000022 /* arabesque-no1.mid in Resources */ = {isa = PBXBuildFile; fileRef = B1000022 /* arabesque-no1.mid */; };
		A1000013 /* Assets.xcassets in Resources */ = {isa = PBXBuildFile; fileRef = B1000013 /* Assets.xcassets */; };
/* End PBXBuildFile section */

/* Begin PBXFileReference section */
		B1000001 /* PianoTilesApp.swift */ = {isa = PBXFileReference; lastKnownFileType = sourcecode.swift; path = PianoTilesApp.swift; sourceTree = "<group>"; };
		B1000002 /* Constants.swift */ = {isa = PBXFileReference; lastKnownFileType = sourcecode.swift; path = Constants.swift; sourceTree = "<group>"; };
		B1000003 /* NoteData.swift */ = {isa = PBXFileReference; lastKnownFileType = sourcecode.swift; path = NoteData.swift; sourceTree = "<group>"; };
		B1000004 /* AudioEngine.swift */ = {isa = PBXFileReference; lastKnownFileType = sourcecode.swift; path = AudioEngine.swift; sourceTree = "<group>"; };
		B1000005 /* GameState.swift */ = {isa = PBXFileReference; lastKnownFileType = sourcecode.swift; path = GameState.swift; sourceTree = "<group>"; };
		B1000006 /* TileEngine.swift */ = {isa = PBXFileReference; lastKnownFileType = sourcecode.swift; path = TileEngine.swift; sourceTree = "<group>"; };
		B1000007 /* GameView.swift */ = {isa = PBXFileReference; lastKnownFileType = sourcecode.swift; path = GameView.swift; sourceTree = "<group>"; };
		B1000008 /* MenuView.swift */ = {isa = PBXFileReference; lastKnownFileType = sourcecode.swift; path = MenuView.swift; sourceTree = "<group>"; };
		B1000009 /* TouchOverlay.swift */ = {isa = PBXFileReference; lastKnownFileType = sourcecode.swift; path = TouchOverlay.swift; sourceTree = "<group>"; };
		B100000A /* MIDIParser.swift */ = {isa = PBXFileReference; lastKnownFileType = sourcecode.swift; path = MIDIParser.swift; sourceTree = "<group>"; };
		B100000B /* SongPickerView.swift */ = {isa = PBXFileReference; lastKnownFileType = sourcecode.swift; path = SongPickerView.swift; sourceTree = "<group>"; };
		B1000012 /* LaneAssigner.swift */ = {isa = PBXFileReference; lastKnownFileType = sourcecode.swift; path = LaneAssigner.swift; sourceTree = "<group>"; };
		B100000C /* fur-elise.mid */ = {isa = PBXFileReference; lastKnownFileType = audio.midi; path = "fur-elise.mid"; sourceTree = "<group>"; };
		B100000D /* canon-in-d.mid */ = {isa = PBXFileReference; lastKnownFileType = audio.midi; path = "canon-in-d.mid"; sourceTree = "<group>"; };
		B100000E /* moonlight-sonata.mid */ = {isa = PBXFileReference; lastKnownFileType = audio.midi; path = "moonlight-sonata.mid"; sourceTree = "<group>"; };
		B100000F /* alla-turca.mid */ = {isa = PBXFileReference; lastKnownFileType = audio.midi; path = "alla-turca.mid"; sourceTree = "<group>"; };
		B1000010 /* river-flows-in-you.mid */ = {isa = PBXFileReference; lastKnownFileType = audio.midi; path = "river-flows-in-you.mid"; sourceTree = "<group>"; };
		B1000015 /* hedwigs-theme.mid */ = {isa = PBXFileReference; lastKnownFileType = audio.midi; path = "hedwigs-theme.mid"; sourceTree = "<group>"; };
		B1000017 /* let-it-be.mid */ = {isa = PBXFileReference; lastKnownFileType = audio.midi; path = "let-it-be.mid"; sourceTree = "<group>"; };
		B1000018 /* comptine-dun-autre-ete.mid */ = {isa = PBXFileReference; lastKnownFileType = audio.midi; path = "comptine-dun-autre-ete.mid"; sourceTree = "<group>"; };
		B1000019 /* someone-like-you.mid */ = {isa = PBXFileReference; lastKnownFileType = audio.midi; path = "someone-like-you.mid"; sourceTree = "<group>"; };
		B100001B /* yesterday.mid */ = {isa = PBXFileReference; lastKnownFileType = audio.midi; path = "yesterday.mid"; sourceTree = "<group>"; };
		B100001D /* clair-de-lune.mid */ = {isa = PBXFileReference; lastKnownFileType = audio.midi; path = "clair-de-lune.mid"; sourceTree = "<group>"; };
		B100001E /* liebestraum.mid */ = {isa = PBXFileReference; lastKnownFileType = audio.midi; path = "liebestraum.mid"; sourceTree = "<group>"; };
		B100001F /* spirited-away.mid */ = {isa = PBXFileReference; lastKnownFileType = audio.midi; path = "spirited-away.mid"; sourceTree = "<group>"; };
		B1000020 /* gymnopedie-no1.mid */ = {isa = PBXFileReference; lastKnownFileType = audio.midi; path = "gymnopedie-no1.mid"; sourceTree = "<group>"; };
		B1000021 /* the-entertainer.mid */ = {isa = PBXFileReference; lastKnownFileType = audio.midi; path = "the-entertainer.mid"; sourceTree = "<group>"; };
		B1000022 /* arabesque-no1.mid */ = {isa = PBXFileReference; lastKnownFileType = audio.midi; path = "arabesque-no1.mid"; sourceTree = "<group>"; };
		B1000013 /* Assets.xcassets */ = {isa = PBXFileReference; lastKnownFileType = folder.assetcatalog; path = Assets.xcassets; sourceTree = "<group>"; };
		C1000001 /* PianoTiles.app */ = {isa = PBXFileReference; explicitFileType = wrapper.application; includeInIndex = 0; path = PianoTiles.app; sourceTree = BUILT_PRODUCTS_DIR; };
/* End PBXFileReference section */

/* Begin PBXFrameworksBuildPhase section */
		D1000001 /* Frameworks */ = {
			isa = PBXFrameworksBuildPhase;
			buildActionMask = 2147483647;
			files = (
			);
			runOnlyForDeploymentPostprocessing = 0;
		};
/* End PBXFrameworksBuildPhase section */

/* Begin PBXGroup section */
		E1000001 = {
			isa = PBXGroup;
			children = (
				E1000002 /* Sources */,
				E1000003 /* Products */,
			);
			sourceTree = "<group>";
		};
		E1000002 /* Sources */ = {
			isa = PBXGroup;
			children = (
				B1000001 /* PianoTilesApp.swift */,
				B1000002 /* Constants.swift */,
				B1000003 /* NoteData.swift */,
				B1000004 /* AudioEngine.swift */,
				B1000005 /* GameState.swift */,
				B1000006 /* TileEngine.swift */,
				B1000007 /* GameView.swift */,
				B1000008 /* MenuView.swift */,
				B1000009 /* TouchOverlay.swift */,
				B100000A /* MIDIParser.swift */,
				B100000B /* SongPickerView.swift */,
				B1000012 /* LaneAssigner.swift */,
				B1000013 /* Assets.xcassets */,
				E1000004 /* Resources */,
			);
			path = Sources;
			sourceTree = "<group>";
		};
		E1000003 /* Products */ = {
			isa = PBXGroup;
			children = (
				C1000001 /* PianoTiles.app */,
			);
			name = Products;
			sourceTree = "<group>";
		};
		E1000004 /* Resources */ = {
			isa = PBXGroup;
			children = (
				B100000C /* fur-elise.mid */,
				B100000D /* canon-in-d.mid */,
				B100000E /* moonlight-sonata.mid */,
				B100000F /* alla-turca.mid */,
				B1000010 /* river-flows-in-you.mid */,
				B1000015 /* hedwigs-theme.mid */,
				B1000017 /* let-it-be.mid */,
				B1000018 /* comptine-dun-autre-ete.mid */,
				B1000019 /* someone-like-you.mid */,
				B100001B /* yesterday.mid */,
				B100001D /* clair-de-lune.mid */,
				B100001E /* liebestraum.mid */,
				B100001F /* spirited-away.mid */,
				B1000020 /* gymnopedie-no1.mid */,
				B1000021 /* the-entertainer.mid */,
				B1000022 /* arabesque-no1.mid */,
			);
			path = Resources;
			sourceTree = "<group>";
		};
/* End PBXGroup section */

/* Begin PBXNativeTarget section */
		F1000001 /* PianoTiles */ = {
			isa = PBXNativeTarget;
			buildConfigurationList = G1000003 /* Build configuration list for PBXNativeTarget "PianoTiles" */;
			buildPhases = (
				F1000002 /* Sources */,
				D1000001 /* Frameworks */,
				D1000002 /* Resources */,
			);
			buildRules = (
			);
			dependencies = (
			);
			name = PianoTiles;
			productName = PianoTiles;
			productReference = C1000001 /* PianoTiles.app */;
			productType = "com.apple.product-type.application";
		};
/* End PBXNativeTarget section */

/* Begin PBXProject section */
		F1000010 /* Project object */ = {
			isa = PBXProject;
			attributes = {
				BuildIndependentTargetsInParallel = 1;
				LastSwiftUpdateCheck = 1540;
				LastUpgradeCheck = 1540;
			};
			buildConfigurationList = G1000001 /* Build configuration list for PBXProject "PianoTiles" */;
			compatibilityVersion = "Xcode 14.0";
			developmentRegion = en;
			hasScannedForEncodings = 0;
			knownRegions = (
				en,
				Base,
			);
			mainGroup = E1000001;
			productRefGroup = E1000003 /* Products */;
			projectDirPath = "";
			projectRoot = "";
			targets = (
				F1000001 /* PianoTiles */,
			);
		};
/* End PBXProject section */

/* Begin PBXResourcesBuildPhase section */
		D1000002 /* Resources */ = {
			isa = PBXResourcesBuildPhase;
			buildActionMask = 2147483647;
			files = (
				A100000C /* fur-elise.mid in Resources */,
				A100000D /* canon-in-d.mid in Resources */,
				A100000E /* moonlight-sonata.mid in Resources */,
				A100000F /* alla-turca.mid in Resources */,
				A1000010 /* river-flows-in-you.mid in Resources */,
				A1000015 /* hedwigs-theme.mid in Resources */,
				A1000017 /* let-it-be.mid in Resources */,
				A1000018 /* comptine-dun-autre-ete.mid in Resources */,
				A1000019 /* someone-like-you.mid in Resources */,
				A100001B /* yesterday.mid in Resources */,
				A100001D /* clair-de-lune.mid in Resources */,
				A100001E /* liebestraum.mid in Resources */,
				A100001F /* spirited-away.mid in Resources */,
				A1000020 /* gymnopedie-no1.mid in Resources */,
				A1000021 /* the-entertainer.mid in Resources */,
				A1000022 /* arabesque-no1.mid in Resources */,
				A1000013 /* Assets.xcassets in Resources */,
			);
			runOnlyForDeploymentPostprocessing = 0;
		};
/* End PBXResourcesBuildPhase section */

/* Begin PBXSourcesBuildPhase section */
		F1000002 /* Sources */ = {
			isa = PBXSourcesBuildPhase;
			buildActionMask = 2147483647;
			files = (
				A1000001 /* PianoTilesApp.swift in Sources */,
				A1000002 /* Constants.swift in Sources */,
				A1000003 /* NoteData.swift in Sources */,
				A1000004 /* AudioEngine.swift in Sources */,
				A1000005 /* GameState.swift in Sources */,
				A1000006 /* TileEngine.swift in Sources */,
				A1000007 /* GameView.swift in Sources */,
				A1000008 /* MenuView.swift in Sources */,
				A1000009 /* TouchOverlay.swift in Sources */,
				A100000A /* MIDIParser.swift in Sources */,
				A100000B /* SongPickerView.swift in Sources */,
				A1000012 /* LaneAssigner.swift in Sources */,
			);
			runOnlyForDeploymentPostprocessing = 0;
		};
/* End PBXSourcesBuildPhase section */

/* Begin XCBuildConfiguration section */
		H1000001 /* Debug */ = {
			isa = XCBuildConfiguration;
			buildSettings = {
				ALWAYS_SEARCH_USER_PATHS = NO;
				ASSETCATALOG_COMPILER_GENERATE_SWIFT_ASSET_SYMBOL_EXTENSIONS = YES;
				CLANG_ANALYZER_NONNULL = YES;
				CLANG_CXX_LANGUAGE_STANDARD = "gnu++20";
				CLANG_ENABLE_MODULES = YES;
				CLANG_ENABLE_OBJC_ARC = YES;
				COPY_PHASE_STRIP = NO;
				DEBUG_INFORMATION_FORMAT = dwarf;
				ENABLE_STRICT_OBJC_MSGSEND = YES;
				ENABLE_TESTABILITY = YES;
				GCC_DYNAMIC_NO_PIC = NO;
				GCC_OPTIMIZATION_LEVEL = 0;
				GCC_PREPROCESSOR_DEFINITIONS = (
					"DEBUG=1",
					"$(inherited)",
				);
				GCC_WARN_ABOUT_RETURN_TYPE = YES_ERROR;
				GCC_WARN_UNINITIALIZED_AUTOS = YES_AGGRESSIVE;
				IPHONEOS_DEPLOYMENT_TARGET = 17.0;
				MTL_ENABLE_DEBUG_INFO = INCLUDE_SOURCE;
				MTL_FAST_MATH = YES;
				ONLY_ACTIVE_ARCH = YES;
				SDKROOT = iphoneos;
				SWIFT_ACTIVE_COMPILATION_CONDITIONS = "$(inherited) DEBUG";
				SWIFT_OPTIMIZATION_LEVEL = "-Onone";
				SWIFT_VERSION = 6.0;
			};
			name = Debug;
		};
		H1000002 /* Release */ = {
			isa = XCBuildConfiguration;
			buildSettings = {
				ALWAYS_SEARCH_USER_PATHS = NO;
				ASSETCATALOG_COMPILER_GENERATE_SWIFT_ASSET_SYMBOL_EXTENSIONS = YES;
				CLANG_ANALYZER_NONNULL = YES;
				CLANG_CXX_LANGUAGE_STANDARD = "gnu++20";
				CLANG_ENABLE_MODULES = YES;
				CLANG_ENABLE_OBJC_ARC = YES;
				COPY_PHASE_STRIP = NO;
				DEBUG_INFORMATION_FORMAT = "dwarf-with-dsym";
				ENABLE_NS_ASSERTIONS = NO;
				ENABLE_STRICT_OBJC_MSGSEND = YES;
				GCC_WARN_ABOUT_RETURN_TYPE = YES_ERROR;
				GCC_WARN_UNINITIALIZED_AUTOS = YES_AGGRESSIVE;
				IPHONEOS_DEPLOYMENT_TARGET = 17.0;
				MTL_FAST_MATH = YES;
				SDKROOT = iphoneos;
				SWIFT_COMPILATION_MODE = wholemodule;
				SWIFT_VERSION = 6.0;
				VALIDATE_PRODUCT = YES;
			};
			name = Release;
		};
		H1000003 /* Debug */ = {
			isa = XCBuildConfiguration;
			buildSettings = {
				ASSETCATALOG_COMPILER_APPICON_NAME = AppIcon;
				CODE_SIGN_STYLE = Automatic;
				CURRENT_PROJECT_VERSION = 1;
				DEVELOPMENT_TEAM = 5NKH2Q7XY6;
				GENERATE_INFOPLIST_FILE = YES;
				INFOPLIST_KEY_CFBundleDisplayName = "Piano Tiles";
				INFOPLIST_KEY_UIApplicationSceneManifest_Generation = YES;
				INFOPLIST_KEY_UIApplicationSupportsIndirectInputEvents = YES;
				INFOPLIST_KEY_UILaunchScreen_Generation = YES;
				INFOPLIST_KEY_UIStatusBarHidden = YES;
				INFOPLIST_KEY_UISupportedInterfaceOrientations = UIInterfaceOrientationPortrait;
				MARKETING_VERSION = 1.0;
				PRODUCT_BUNDLE_IDENTIFIER = com.harsh.pianotiles;
				PRODUCT_NAME = "$(TARGET_NAME)";
				SUPPORTED_PLATFORMS = "iphoneos iphonesimulator";
				SUPPORTS_MACCATALYST = NO;
				SWIFT_EMIT_LOC_STRINGS = YES;
				SWIFT_VERSION = 6.0;
				TARGETED_DEVICE_FAMILY = "1,2";
			};
			name = Debug;
		};
		H1000004 /* Release */ = {
			isa = XCBuildConfiguration;
			buildSettings = {
				ASSETCATALOG_COMPILER_APPICON_NAME = AppIcon;
				CODE_SIGN_STYLE = Automatic;
				CURRENT_PROJECT_VERSION = 1;
				DEVELOPMENT_TEAM = 5NKH2Q7XY6;
				GENERATE_INFOPLIST_FILE = YES;
				INFOPLIST_KEY_CFBundleDisplayName = "Piano Tiles";
				INFOPLIST_KEY_UIApplicationSceneManifest_Generation = YES;
				INFOPLIST_KEY_UIApplicationSupportsIndirectInputEvents = YES;
				INFOPLIST_KEY_UILaunchScreen_Generation = YES;
				INFOPLIST_KEY_UIStatusBarHidden = YES;
				INFOPLIST_KEY_UISupportedInterfaceOrientations = UIInterfaceOrientationPortrait;
				MARKETING_VERSION = 1.0;
				PRODUCT_BUNDLE_IDENTIFIER = com.harsh.pianotiles;
				PRODUCT_NAME = "$(TARGET_NAME)";
				SUPPORTED_PLATFORMS = "iphoneos iphonesimulator";
				SUPPORTS_MACCATALYST = NO;
				SWIFT_EMIT_LOC_STRINGS = YES;
				SWIFT_VERSION = 6.0;
				TARGETED_DEVICE_FAMILY = "1,2";
			};
			name = Release;
		};
/* End XCBuildConfiguration section */

/* Begin XCConfigurationList section */
		G1000001 /* Build configuration list for PBXProject "PianoTiles" */ = {
			isa = XCConfigurationList;
			buildConfigurations = (
				H1000001 /* Debug */,
				H1000002 /* Release */,
			);
			defaultConfigurationIsVisible = 0;
			defaultConfigurationName = Release;
		};
		G1000003 /* Build configuration list for PBXNativeTarget "PianoTiles" */ = {
			isa = XCConfigurationList;
			buildConfigurations = (
				H1000003 /* Debug */,
				H1000004 /* Release */,
			);
			defaultConfigurationIsVisible = 0;
			defaultConfigurationName = Release;
		};
/* End XCConfigurationList section */
	};
	rootObject = F1000010 /* Project object */;
}
